// !$*UTF8*$!
{
	archiveVersion = 1;
	classes = {
	};
	objectVersion = 46;
	objects = {

/* Begin PBXBuildFile section */
		F88DA34D1A199C7700EC985A /* AppDelegate.swift in Sources */ = {isa = PBXBuildFile; fileRef = F88DA34C1A199C7700EC985A /* AppDelegate.swift */; };
		F88DA34F1A199C7700EC985A /* ViewController.swift in Sources */ = {isa = PBXBuildFile; fileRef = F88DA34E1A199C7700EC985A /* ViewController.swift */; };
		F88DA3521A199C7700EC985A /* Main.storyboard in Resources */ = {isa = PBXBuildFile; fileRef = F88DA3501A199C7700EC985A /* Main.storyboard */; };
		F88DA3541A199C7700EC985A /* Images.xcassets in Resources */ = {isa = PBXBuildFile; fileRef = F88DA3531A199C7700EC985A /* Images.xcassets */; };
		F88DA3571A199C7700EC985A /* LaunchScreen.xib in Resources */ = {isa = PBXBuildFile; fileRef = F88DA3551A199C7700EC985A /* LaunchScreen.xib */; };
		F88DA3631A199C7700EC985A /* NumbersTests.swift in Sources */ = {isa = PBXBuildFile; fileRef = F88DA3621A199C7700EC985A /* NumbersTests.swift */; };
/* End PBXBuildFile section */

/* Begin PBXContainerItemProxy section */
		F88DA35D1A199C7700EC985A /* PBXContainerItemProxy */ = {
			isa = PBXContainerItemProxy;
			containerPortal = F88DA33F1A199C7700EC985A /* Project object */;
			proxyType = 1;
			remoteGlobalIDString = F88DA3461A199C7700EC985A;
			remoteInfo = Numbers;
		};
/* End PBXContainerItemProxy section */

/* Begin PBXFileReference section */
		F88DA3471A199C7700EC985A /* Numbers.app */ = {isa = PBXFileReference; explicitFileType = wrapper.application; includeInIndex = 0; path = Numbers.app; sourceTree = BUILT_PRODUCTS_DIR; };
		F88DA34B1A199C7700EC985A /* Info.plist */ = {isa = PBXFileReference; lastKnownFileType = text.plist.xml; path = Info.plist; sourceTree = "<group>"; };
		F88DA34C1A199C7700EC985A /* AppDelegate.swift */ = {isa = PBXFileReference; lastKnownFileType = sourcecode.swift; path = AppDelegate.swift; sourceTree = "<group>"; };
		F88DA34E1A199C7700EC985A /* ViewController.swift */ = {isa = PBXFileReference; lastKnownFileType = sourcecode.swift; path = ViewController.swift; sourceTree = "<group>"; };
		F88DA3511A199C7700EC985A /* Base */ = {isa = PBXFileReference; lastKnownFileType = file.storyboard; name = Base; path = Base.lproj/Main.storyboard; sourceTree = "<group>"; };
		F88DA3531A199C7700EC985A /* Images.xcassets */ = {isa = PBXFileReference; lastKnownFileType = folder.assetcatalog; path = Images.xcassets; sourceTree = "<group>"; };
		F88DA3561A199C7700EC985A /* Base */ = {isa = PBXFileReference; lastKnownFileType = file.xib; name = Base; path = Base.lproj/LaunchScreen.xib; sourceTree = "<group>"; };
		F88DA35C1A199C7700EC985A /* NumbersTests.xctest */ = {isa = PBXFileReference; explicitFileType = wrapper.cfbundle; includeInIndex = 0; path = NumbersTests.xctest; sourceTree = BUILT_PRODUCTS_DIR; };
		F88DA3611A199C7700EC985A /* Info.plist */ = {isa = PBXFileReference; lastKnownFileType = text.plist.xml; path = Info.plist; sourceTree = "<group>"; };
		F88DA3621A199C7700EC985A /* NumbersTests.swift */ = {isa = PBXFileReference; lastKnownFileType = sourcecode.swift; path = NumbersTests.swift; sourceTree = "<group>"; };
/* End PBXFileReference section */

/* Begin PBXFrameworksBuildPhase section */
		F88DA3441A199C7700EC985A /* Frameworks */ = {
			isa = PBXFrameworksBuildPhase;
			buildActionMask = 2147483647;
			files = (
			);
			runOnlyForDeploymentPostprocessing = 0;
		};
		F88DA3591A199C7700EC985A /* Frameworks */ = {
			isa = PBXFrameworksBuildPhase;
			buildActionMask = 2147483647;
			files = (
			);
			runOnlyForDeploymentPostprocessing = 0;
		};
/* End PBXFrameworksBuildPhase section */

/* Begin PBXGroup section */
		F88DA33E1A199C7700EC985A = {
			isa = PBXGroup;
			children = (
				F88DA3491A199C7700EC985A /* Numbers */,
				F88DA35F1A199C7700EC985A /* NumbersTests */,
				F88DA3481A199C7700EC985A /* Products */,
			);
			sourceTree = "<group>";
		};
		F88DA3481A199C7700EC985A /* Products */ = {
			isa = PBXGroup;
			children = (
				F88DA3471A199C7700EC985A /* Numbers.app */,
				F88DA35C1A199C7700EC985A /* NumbersTests.xctest */,
			);
			name = Products;
			sourceTree = "<group>";
		};
		F88DA3491A199C7700EC985A /* Numbers */ = {
			isa = PBXGroup;
			children = (
				F88DA34C1A199C7700EC985A /* AppDelegate.swift */,
				F88DA34E1A199C7700EC985A /* ViewController.swift */,
				F88DA3501A199C7700EC985A /* Main.storyboard */,
				F88DA3531A199C7700EC985A /* Images.xcassets */,
				F88DA3551A199C7700EC985A /* LaunchScreen.xib */,
				F88DA34A1A199C7700EC985A /* Supporting Files */,
			);
			path = Numbers;
			sourceTree = "<group>";
		};
		F88DA34A1A199C7700EC985A /* Supporting Files */ = {
			isa = PBXGroup;
			children = (
				F88DA34B1A199C7700EC985A /* Info.plist */,
			);
			name = "Supporting Files";
			sourceTree = "<group>";
		};
		F88DA35F1A199C7700EC985A /* NumbersTests */ = {
			isa = PBXGroup;
			children = (
				F88DA3621A199C7700EC985A /* NumbersTests.swift */,
				F88DA3601A199C7700EC985A /* Supporting Files */,
			);
			path = NumbersTests;
			sourceTree = "<group>";
		};
		F88DA3601A199C7700EC985A /* Supporting Files */ = {
			isa = PBXGroup;
			children = (
				F88DA3611A199C7700EC985A /* Info.plist */,
			);
			name = "Supporting Files";
			sourceTree = "<group>";
		};
/* End PBXGroup section */

/* Begin PBXNativeTarget section */
		F88DA3461A199C7700EC985A /* Numbers */ = {
			isa = PBXNativeTarget;
			buildConfigurationList = F88DA3661A199C7700EC985A /* Build configuration list for PBXNativeTarget "Numbers" */;
			buildPhases = (
				F88DA3431A199C7700EC985A /* Sources */,
				F88DA3441A199C7700EC985A /* Frameworks */,
				F88DA3451A199C7700EC985A /* Resources */,
			);
			buildRules = (
			);
			dependencies = (
			);
			name = Numbers;
			productName = Numbers;
			productReference = F88DA3471A199C7700EC985A /* Numbers.app */;
			productType = "com.apple.product-type.application";
		};
		F88DA35B1A199C7700EC985A /* NumbersTests */ = {
			isa = PBXNativeTarget;
			buildConfigurationList = F88DA3691A199C7700EC985A /* Build configuration list for PBXNativeTarget "NumbersTests" */;
			buildPhases = (
				F88DA3581A199C7700EC985A /* Sources */,
				F88DA3591A199C7700EC985A /* Frameworks */,
				F88DA35A1A199C7700EC985A /* Resources */,
			);
			buildRules = (
			);
			dependencies = (
				F88DA35E1A199C7700EC985A /* PBXTargetDependency */,
			);
			name = NumbersTests;
			productName = NumbersTests;
			productReference = F88DA35C1A199C7700EC985A /* NumbersTests.xctest */;
			productType = "com.apple.product-type.bundle.unit-test";
		};
/* End PBXNativeTarget section */

/* Begin PBXProject section */
		F88DA33F1A199C7700EC985A /* Project object */ = {
			isa = PBXProject;
			attributes = {
				LastUpgradeCheck = 0610;
				ORGANIZATIONNAME = "@jonfelske";
				TargetAttributes = {
					F88DA3461A199C7700EC985A = {
						CreatedOnToolsVersion = 6.1;
					};
					F88DA35B1A199C7700EC985A = {
						CreatedOnToolsVersion = 6.1;
						TestTargetID = F88DA3461A199C7700EC985A;
					};
				};
			};
			buildConfigurationList = F88DA3421A199C7700EC985A /* Build configuration list for PBXProject "Numbers" */;
			compatibilityVersion = "Xcode 3.2";
			developmentRegion = English;
			hasScannedForEncodings = 0;
			knownRegions = (
				en,
				Base,
			);
			mainGroup = F88DA33E1A199C7700EC985A;
			productRefGroup = F88DA3481A199C7700EC985A /* Products */;
			projectDirPath = "";
			projectRoot = "";
			targets = (
				F88DA3461A199C7700EC985A /* Numbers */,
				F88DA35B1A199C7700EC985A /* NumbersTests */,
			);
		};
/* End PBXProject section */

/* Begin PBXResourcesBuildPhase section */
		F88DA3451A199C7700EC985A /* Resources */ = {
			isa = PBXResourcesBuildPhase;
			buildActionMask = 2147483647;
			files = (
				F88DA3521A199C7700EC985A /* Main.storyboard in Resources */,
				F88DA3571A199C7700EC985A /* LaunchScreen.xib in Resources */,
				F88DA3541A199C7700EC985A /* Images.xcassets in Resources */,
			);
			runOnlyForDeploymentPostprocessing = 0;
		};
		F88DA35A1A199C7700EC985A /* Resources */ = {
			isa = PBXResourcesBuildPhase;
			buildActionMask = 2147483647;
			files = (
			);
			runOnlyForDeploymentPostprocessing = 0;
		};
/* End PBXResourcesBuildPhase section */

/* Begin PBXSourcesBuildPhase section */
		F88DA3431A199C7700EC985A /* Sources */ = {
			isa = PBXSourcesBuildPhase;
			buildActionMask = 2147483647;
			files = (
				F88DA34F1A199C7700EC985A /* ViewController.swift in Sources */,
				F88DA34D1A199C7700EC985A /* AppDelegate.swift in Sources */,
			);
			runOnlyForDeploymentPostprocessing = 0;
		};
		F88DA3581A199C7700EC985A /* Sources */ = {
			isa = PBXSourcesBuildPhase;
			buildActionMask = 2147483647;
			files = (
				F88DA3631A199C7700EC985A /* NumbersTests.swift in Sources */,
			);
			runOnlyForDeploymentPostprocessing = 0;
		};
/* End PBXSourcesBuildPhase section */

/* Begin PBXTargetDependency section */
		F88DA35E1A199C7700EC985A /* PBXTargetDependency */ = {
			isa = PBXTargetDependency;
			target = F88DA3461A199C7700EC985A /* Numbers */;
			targetProxy = F88DA35D1A199C7700EC985A /* PBXContainerItemProxy */;
		};
/* End PBXTargetDependency section */

/* Begin PBXVariantGroup section */
		F88DA3501A199C7700EC985A /* Main.storyboard */ = {
			isa = PBXVariantGroup;
			children = (
				F88DA3511A199C7700EC985A /* Base */,
			);
			name = Main.storyboard;
			sourceTree = "<group>";
		};
		F88DA3551A199C7700EC985A /* LaunchScreen.xib */ = {
			isa = PBXVariantGroup;
			children = (
				F88DA3561A199C7700EC985A /* Base */,
			);
			name = LaunchScreen.xib;
			sourceTree = "<group>";
		};
/* End PBXVariantGroup section */

/* Begin XCBuildConfiguration section */
		F88DA3641A199C7700EC985A /* Debug */ = {
			isa = XCBuildConfiguration;
			buildSettings = {
				ALWAYS_SEARCH_USER_PATHS = NO;
				CLANG_CXX_LANGUAGE_STANDARD = "gnu++0x";
				CLANG_CXX_LIBRARY = "libc++";
				CLANG_ENABLE_MODULES = YES;
				CLANG_ENABLE_OBJC_ARC = YES;
				CLANG_WARN_BOOL_CONVERSION = YES;
				CLANG_WARN_CONSTANT_CONVERSION = YES;
				CLANG_WARN_DIRECT_OBJC_ISA_USAGE = YES_ERROR;
				CLANG_WARN_EMPTY_BODY = YES;
				CLANG_WARN_ENUM_CONVERSION = YES;
				CLANG_WARN_INT_CONVERSION = YES;
				CLANG_WARN_OBJC_ROOT_CLASS = YES_ERROR;
				CLANG_WARN_UNREACHABLE_CODE = YES;
				CLANG_WARN__DUPLICATE_METHOD_MATCH = YES;
				"CODE_SIGN_IDENTITY[sdk=iphoneos*]" = "iPhone Developer";
				COPY_PHASE_STRIP = NO;
				ENABLE_STRICT_OBJC_MSGSEND = YES;
				GCC_C_LANGUAGE_STANDARD = gnu99;
				GCC_DYNAMIC_NO_PIC = NO;
				GCC_OPTIMIZATION_LEVEL = 0;
				GCC_PREPROCESSOR_DEFINITIONS = (
					"DEBUG=1",
					"$(inherited)",
				);
				GCC_SYMBOLS_PRIVATE_EXTERN = NO;
				GCC_WARN_64_TO_32_BIT_CONVERSION = YES;
				GCC_WARN_ABOUT_RETURN_TYPE = YES_ERROR;
				GCC_WARN_UNDECLARED_SELECTOR = YES;
				GCC_WARN_UNINITIALIZED_AUTOS = YES_AGGRESSIVE;
				GCC_WARN_UNUSED_FUNCTION = YES;
				GCC_WARN_UNUSED_VARIABLE = YES;
				IPHONEOS_DEPLOYMENT_TARGET = 8.1;
				MTL_ENABLE_DEBUG_INFO = YES;
				ONLY_ACTIVE_ARCH = YES;
				SDKROOT = iphoneos;
				SWIFT_OPTIMIZATION_LEVEL = "-Onone";
			};
			name = Debug;
		};
		F88DA3651A199C7700EC985A /* Release */ = {
			isa = XCBuildConfiguration;
			buildSettings = {
				ALWAYS_SEARCH_USER_PATHS = NO;
				CLANG_CXX_LANGUAGE_STANDARD = "gnu++0x";
				CLANG_CXX_LIBRARY = "libc++";
				CLANG_ENABLE_MODULES = YES;
				CLANG_ENABLE_OBJC_ARC = YES;
				CLANG_WARN_BOOL_CONVERSION = YES;
				CLANG_WARN_CONSTANT_CONVERSION = YES;
				CLANG_WARN_DIRECT_OBJC_ISA_USAGE = YES_ERROR;
				CLANG_WARN_EMPTY_BODY = YES;
				CLANG_WARN_ENUM_CONVERSION = YES;
				CLANG_WARN_INT_CONVERSION = YES;
				CLANG_WARN_OBJC_ROOT_CLASS = YES_ERROR;
				CLANG_WARN_UNREACHABLE_CODE = YES;
				CLANG_WARN__DUPLICATE_METHOD_MATCH = YES;
				"CODE_SIGN_IDENTITY[sdk=iphoneos*]" = "iPhone Developer";
				COPY_PHASE_STRIP = YES;
				ENABLE_NS_ASSERTIONS = NO;
				ENABLE_STRICT_OBJC_MSGSEND = YES;
				GCC_C_LANGUAGE_STANDARD = gnu99;
				GCC_WARN_64_TO_32_BIT_CONVERSION = YES;
				GCC_WARN_ABOUT_RETURN_TYPE = YES_ERROR;
				GCC_WARN_UNDECLARED_SELECTOR = YES;
				GCC_WARN_UNINITIALIZED_AUTOS = YES_AGGRESSIVE;
				GCC_WARN_UNUSED_FUNCTION = YES;
				GCC_WARN_UNUSED_VARIABLE = YES;
				IPHONEOS_DEPLOYMENT_TARGET = 8.1;
				MTL_ENABLE_DEBUG_INFO = NO;
				SDKROOT = iphoneos;
				VALIDATE_PRODUCT = YES;
			};
			name = Release;
		};
		F88DA3671A199C7700EC985A /* Debug */ = {
			isa = XCBuildConfiguration;
			buildSettings = {
				ASSETCATALOG_COMPILER_APPICON_NAME = AppIcon;
				INFOPLIST_FILE = Numbers/Info.plist;
				LD_RUNPATH_SEARCH_PATHS = "$(inherited) @executable_path/Frameworks";
				PRODUCT_NAME = "$(TARGET_NAME)";
			};
			name = Debug;
		};
		F88DA3681A199C7700EC985A /* Release */ = {
			isa = XCBuildConfiguration;
			buildSettings = {
				ASSETCATALOG_COMPILER_APPICON_NAME = AppIcon;
				INFOPLIST_FILE = Numbers/Info.plist;
				LD_RUNPATH_SEARCH_PATHS = "$(inherited) @executable_path/Frameworks";
				PRODUCT_NAME = "$(TARGET_NAME)";
			};
			name = Release;
		};
		F88DA36A1A199C7700EC985A /* Debug */ = {
			isa = XCBuildConfiguration;
			buildSettings = {
				BUNDLE_LOADER = "$(TEST_HOST)";
				FRAMEWORK_SEARCH_PATHS = (
					"$(SDKROOT)/Developer/Library/Frameworks",
					"$(inherited)",
				);
				GCC_PREPROCESSOR_DEFINITIONS = (
					"DEBUG=1",
					"$(inherited)",
				);
				INFOPLIST_FILE = NumbersTests/Info.plist;
				LD_RUNPATH_SEARCH_PATHS = "$(inherited) @executable_path/Frameworks @loader_path/Frameworks";
				PRODUCT_NAME = "$(TARGET_NAME)";
				TEST_HOST = "$(BUILT_PRODUCTS_DIR)/Numbers.app/Numbers";
			};
			name = Debug;
		};
		F88DA36B1A199C7700EC985A /* Release */ = {
			isa = XCBuildConfiguration;
			buildSettings = {
				BUNDLE_LOADER = "$(TEST_HOST)";
				FRAMEWORK_SEARCH_PATHS = (
					"$(SDKROOT)/Developer/Library/Frameworks",
					"$(inherited)",
				);
				INFOPLIST_FILE = NumbersTests/Info.plist;
				LD_RUNPATH_SEARCH_PATHS = "$(inherited) @executable_path/Frameworks @loader_path/Frameworks";
				PRODUCT_NAME = "$(TARGET_NAME)";
				TEST_HOST = "$(BUILT_PRODUCTS_DIR)/Numbers.app/Numbers";
			};
			name = Release;
		};
/* End XCBuildConfiguration section */

/* Begin XCConfigurationList section */
		F88DA3421A199C7700EC985A /* Build configuration list for PBXProject "Numbers" */ = {
			isa = XCConfigurationList;
			buildConfigurations = (
				F88DA3641A199C7700EC985A /* Debug */,
				F88DA3651A199C7700EC985A /* Release */,
			);
			defaultConfigurationIsVisible = 0;
			defaultConfigurationName = Release;
		};
		F88DA3661A199C7700EC985A /* Build configuration list for PBXNativeTarget "Numbers" */ = {
			isa = XCConfigurationList;
			buildConfigurations = (
				F88DA3671A199C7700EC985A /* Debug */,
				F88DA3681A199C7700EC985A /* Release */,
			);
			defaultConfigurationIsVisible = 0;
		};
		F88DA3691A199C7700EC985A /* Build configuration list for PBXNativeTarget "NumbersTests" */ = {
			isa = XCConfigurationList;
			buildConfigurations = (
				F88DA36A1A199C7700EC985A /* Debug */,
				F88DA36B1A199C7700EC985A /* Release */,
			);
			defaultConfigurationIsVisible = 0;
		};
/* End XCConfigurationList section */
	};
	rootObject = F88DA33F1A199C7700EC985A /* Project object */;
}
